# This file was autogenerated by Stack.
# You should not edit this file by hand.
# For more information, please see the documentation at:
#   https://docs.haskellstack.org/en/stable/lock_files

packages:
- completed:
    hackage: hakyll-4.14.0.0@sha256:28aab547aa94202d486328aa4bbcd02ecbefc4e5d42dfa15e8137b731a4f5d55,9059
    pantry-tree:
      size: 8272
      sha256: b5dff3f9f3c9bc32b154d8f5b30f88fc12f88a32dd7a10ac7f16584af5059b3f
  original:
    hackage: hakyll-4.14.0.0@sha256:28aab547aa94202d486328aa4bbcd02ecbefc4e5d42dfa15e8137b731a4f5d55,9059
snapshots:
- completed:
    size: 585393
    url: https://raw.githubusercontent.com/commercialhaskell/stackage-snapshots/master/lts/18/0.yaml
    sha256: c632012da648385b9fa3c29f4e0afd56ead299f1c5528ee789058be410e883c0
  original: lts-18.0
